
Microsoft Visual Studio Solution File, Format Version 12.00
# Visual Studio Version 16
VisualStudioVersion = 16.0.29911.84
MinimumVisualStudioVersion = 10.0.40219.1
Project("{9A19103F-16F7-4668-BE54-9A1E7A4F7556}") = "TempDevice", "TempDevice\TempDevice.csproj", "{CCA8E717-BCAF-42AF-A982-89D40B79202F}"
EndProject
Project("{9A19103F-16F7-4668-BE54-9A1E7A4F7556}") = "Models", "Models\Models.csproj", "{066D85B6-DD0D-4944-9AE6-0D8055F7676F}"
EndProject
Project("{9A19103F-16F7-4668-BE54-9A1E7A4F7556}") = "MqttSubscriber", "MqttSubscriber\MqttSubscriber.csproj", "{BA0C4C81-27CB-4040-B02F-6E4682CA1F29}"
EndProject
Project("{9A19103F-16F7-4668-BE54-9A1E7A4F7556}") = "MyMqtt", "MyMqtt\MyMqtt.csproj", "{00342AE0-CC3C-415C-ABC9-372DA73B0E2C}"
EndProject
Project("{9A19103F-16F7-4668-BE54-9A1E7A4F7556}") = "WeatherApi", "WeatherApi\WeatherApi.csproj", "{F5021F4C-54D7-4342-89D9-01BD5B92611C}"
EndProject
Project("{9A19103F-16F7-4668-BE54-9A1E7A4F7556}") = "ElectricityDevice", "ElectricityDevice\ElectricityDevice.csproj", "{F2F19BFC-96EA-45C0-99E4-54EDC81EE77B}"
EndProject
Project("{FAE04EC0-301F-11D3-BF4B-00C04F79EFBC}") = "MqttSubscriber.NET", "MqttSubscriber.NET\MqttSubscriber.NET.csproj", "{B1EEBF8F-2062-473F-82CC-1DB8152F66FC}"
EndProject
Project("{FAE04EC0-301F-11D3-BF4B-00C04F79EFBC}") = "DataReplicator", "DataReplicator\DataReplicator.csproj", "{1B880077-6CD2-4752-B35B-4A5BD46A62EA}"
EndProject
Global
	GlobalSection(SolutionConfigurationPlatforms) = preSolution
		Debug|Any CPU = Debug|Any CPU
		Release|Any CPU = Release|Any CPU
	EndGlobalSection
	GlobalSection(ProjectConfigurationPlatforms) = postSolution
		{CCA8E717-BCAF-42AF-A982-89D40B79202F}.Debug|Any CPU.ActiveCfg = Debug|Any CPU
		{CCA8E717-BCAF-42AF-A982-89D40B79202F}.Debug|Any CPU.Build.0 = Debug|Any CPU
		{CCA8E717-BCAF-42AF-A982-89D40B79202F}.Release|Any CPU.ActiveCfg = Release|Any CPU
		{CCA8E717-BCAF-42AF-A982-89D40B79202F}.Release|Any CPU.Build.0 = Release|Any CPU
		{066D85B6-DD0D-4944-9AE6-0D8055F7676F}.Debug|Any CPU.ActiveCfg = Debug|Any CPU
		{066D85B6-DD0D-4944-9AE6-0D8055F7676F}.Debug|Any CPU.Build.0 = Debug|Any CPU
		{066D85B6-DD0D-4944-9AE6-0D8055F7676F}.Release|Any CPU.ActiveCfg = Release|Any CPU
		{066D85B6-DD0D-4944-9AE6-0D8055F7676F}.Release|Any CPU.Build.0 = Release|Any CPU
		{BA0C4C81-27CB-4040-B02F-6E4682CA1F29}.Debug|Any CPU.ActiveCfg = Debug|Any CPU
		{BA0C4C81-27CB-4040-B02F-6E4682CA1F29}.Debug|Any CPU.Build.0 = Debug|Any CPU
		{BA0C4C81-27CB-4040-B02F-6E4682CA1F29}.Release|Any CPU.ActiveCfg = Release|Any CPU
		{BA0C4C81-27CB-4040-B02F-6E4682CA1F29}.Release|Any CPU.Build.0 = Release|Any CPU
		{00342AE0-CC3C-415C-ABC9-372DA73B0E2C}.Debug|Any CPU.ActiveCfg = Debug|Any CPU
		{00342AE0-CC3C-415C-ABC9-372DA73B0E2C}.Debug|Any CPU.Build.0 = Debug|Any CPU
		{00342AE0-CC3C-415C-ABC9-372DA73B0E2C}.Release|Any CPU.ActiveCfg = Release|Any CPU
		{00342AE0-CC3C-415C-ABC9-372DA73B0E2C}.Release|Any CPU.Build.0 = Release|Any CPU
		{F5021F4C-54D7-4342-89D9-01BD5B92611C}.Debug|Any CPU.ActiveCfg = Debug|Any CPU
		{F5021F4C-54D7-4342-89D9-01BD5B92611C}.Debug|Any CPU.Build.0 = Debug|Any CPU
		{F5021F4C-54D7-4342-89D9-01BD5B92611C}.Release|Any CPU.ActiveCfg = Release|Any CPU
		{F5021F4C-54D7-4342-89D9-01BD5B92611C}.Release|Any CPU.Build.0 = Release|Any CPU
		{F2F19BFC-96EA-45C0-99E4-54EDC81EE77B}.Debug|Any CPU.ActiveCfg = Debug|Any CPU
		{F2F19BFC-96EA-45C0-99E4-54EDC81EE77B}.Debug|Any CPU.Build.0 = Debug|Any CPU
		{F2F19BFC-96EA-45C0-99E4-54EDC81EE77B}.Release|Any CPU.ActiveCfg = Release|Any CPU
		{F2F19BFC-96EA-45C0-99E4-54EDC81EE77B}.Release|Any CPU.Build.0 = Release|Any CPU
		{B1EEBF8F-2062-473F-82CC-1DB8152F66FC}.Debug|Any CPU.ActiveCfg = Debug|Any CPU
		{B1EEBF8F-2062-473F-82CC-1DB8152F66FC}.Debug|Any CPU.Build.0 = Debug|Any CPU
		{B1EEBF8F-2062-473F-82CC-1DB8152F66FC}.Release|Any CPU.ActiveCfg = Release|Any CPU
		{B1EEBF8F-2062-473F-82CC-1DB8152F66FC}.Release|Any CPU.Build.0 = Release|Any CPU
		{1B880077-6CD2-4752-B35B-4A5BD46A62EA}.Debug|Any CPU.ActiveCfg = Debug|Any CPU
		{1B880077-6CD2-4752-B35B-4A5BD46A62EA}.Debug|Any CPU.Build.0 = Debug|Any CPU
		{1B880077-6CD2-4752-B35B-4A5BD46A62EA}.Release|Any CPU.ActiveCfg = Release|Any CPU
		{1B880077-6CD2-4752-B35B-4A5BD46A62EA}.Release|Any CPU.Build.0 = Release|Any CPU
	EndGlobalSection
	GlobalSection(SolutionProperties) = preSolution
		HideSolutionNode = FALSE
	EndGlobalSection
	GlobalSection(ExtensibilityGlobals) = postSolution
		SolutionGuid = {74411F4B-0ED6-4A83-BADB-6FBD8D2C2222}
	EndGlobalSection
EndGlobal
